
Microsoft Visual Studio Solution File, Format Version 12.00
# Visual Studio Version 16
VisualStudioVersion = 16.0.31005.135
MinimumVisualStudioVersion = 10.0.40219.1
Project("{FAE04EC0-301F-11D3-BF4B-00C04F79EFBC}") = "SigortaMusTakipProjesi", "SigortaMusTakipProjesi\SigortaMusTakipProjesi.csproj", "{1317BD03-0D44-4FF3-A49A-F2D75676DFE8}"
EndProject
Global
	GlobalSection(SolutionConfigurationPlatforms) = preSolution
		Debug|Any CPU = Debug|Any CPU
		Release|Any CPU = Release|Any CPU
	EndGlobalSection
	GlobalSection(ProjectConfigurationPlatforms) = postSolution
		{1317BD03-0D44-4FF3-A49A-F2D75676DFE8}.Debug|Any CPU.ActiveCfg = Debug|Any CPU
		{1317BD03-0D44-4FF3-A49A-F2D75676DFE8}.Debug|Any CPU.Build.0 = Debug|Any CPU
		{1317BD03-0D44-4FF3-A49A-F2D75676DFE8}.Release|Any CPU.ActiveCfg = Release|Any CPU
		{1317BD03-0D44-4FF3-A49A-F2D75676DFE8}.Release|Any CPU.Build.0 = Release|Any CPU
	EndGlobalSection
	GlobalSection(SolutionProperties) = preSolution
		HideSolutionNode = FALSE
	EndGlobalSection
	GlobalSection(ExtensibilityGlobals) = postSolution
		SolutionGuid = {E2C6C06A-E351-449F-91E2-3352243E2647}
	EndGlobalSection
EndGlobal
